
Microsoft Visual Studio Solution File, Format Version 12.00
# Visual Studio Version 17
VisualStudioVersion = 17.14.36203.30 d17.14
MinimumVisualStudioVersion = 10.0.40219.1
Project("{FAE04EC0-301F-11D3-BF4B-00C04F79EFBC}") = "SessionGuard", "SessionGuard.csproj", "{57FFAC8D-6044-4F5D-8942-90EFCFD0D7B5}"
EndProject
Global
	GlobalSection(SolutionConfigurationPlatforms) = preSolution
		Debug|Any CPU = Debug|Any CPU
		Release|Any CPU = Release|Any CPU
	EndGlobalSection
	GlobalSection(ProjectConfigurationPlatforms) = postSolution
		{57FFAC8D-6044-4F5D-8942-90EFCFD0D7B5}.Debug|Any CPU.ActiveCfg = Debug|Any CPU
		{57FFAC8D-6044-4F5D-8942-90EFCFD0D7B5}.Debug|Any CPU.Build.0 = Debug|Any CPU
		{57FFAC8D-6044-4F5D-8942-90EFCFD0D7B5}.Release|Any CPU.ActiveCfg = Release|Any CPU
		{57FFAC8D-6044-4F5D-8942-90EFCFD0D7B5}.Release|Any CPU.Build.0 = Release|Any CPU
	EndGlobalSection
	GlobalSection(SolutionProperties) = preSolution
		HideSolutionNode = FALSE
	EndGlobalSection
	GlobalSection(ExtensibilityGlobals) = postSolution
		SolutionGuid = {50F72D65-1512-4D40-80E1-1110CE0D1C7A}
	EndGlobalSection
EndGlobal
